
Microsoft Visual Studio Solution File, Format Version 12.00
Project("{FAE04EC0-301F-11D3-BF4B-00C04F79EFBC}") = "Pabu", "Pabu\Pabu.csproj", "{4EB9EA07-49AD-42BC-97D7-994B81C70972}"
EndProject
Project("{FAE04EC0-301F-11D3-BF4B-00C04F79EFBC}") = "BasicTesting", "BasicTesting\BasicTesting.csproj", "{2C5115E9-9DBE-402E-98D3-91662F42965B}"
EndProject
Global
	GlobalSection(SolutionConfigurationPlatforms) = preSolution
		Debug|Any CPU = Debug|Any CPU
		Release|Any CPU = Release|Any CPU
	EndGlobalSection
	GlobalSection(ProjectConfigurationPlatforms) = postSolution
		{4EB9EA07-49AD-42BC-97D7-994B81C70972}.Debug|Any CPU.ActiveCfg = Debug|Any CPU
		{4EB9EA07-49AD-42BC-97D7-994B81C70972}.Debug|Any CPU.Build.0 = Debug|Any CPU
		{4EB9EA07-49AD-42BC-97D7-994B81C70972}.Release|Any CPU.ActiveCfg = Release|Any CPU
		{4EB9EA07-49AD-42BC-97D7-994B81C70972}.Release|Any CPU.Build.0 = Release|Any CPU
		{2C5115E9-9DBE-402E-98D3-91662F42965B}.Debug|Any CPU.ActiveCfg = Debug|Any CPU
		{2C5115E9-9DBE-402E-98D3-91662F42965B}.Debug|Any CPU.Build.0 = Debug|Any CPU
		{2C5115E9-9DBE-402E-98D3-91662F42965B}.Release|Any CPU.ActiveCfg = Release|Any CPU
		{2C5115E9-9DBE-402E-98D3-91662F42965B}.Release|Any CPU.Build.0 = Release|Any CPU
	EndGlobalSection
EndGlobal
